
Microsoft Visual Studio Solution File, Format Version 12.00
# Visual Studio 15
Project("{FAE04EC0-301F-11D3-BF4B-00C04F79EFBC}") = "KMK-transport-tracker", "KMK-transport-tracker\KMK-transport-tracker.csproj", "{948A8576-A508-4F0D-9AD5-CFE9BD9EF562}"
EndProject
Global
	GlobalSection(SolutionConfigurationPlatforms) = preSolution
		Debug|Any CPU = Debug|Any CPU
		Release|Any CPU = Release|Any CPU
	EndGlobalSection
	GlobalSection(ProjectConfigurationPlatforms) = postSolution
		{948A8576-A508-4F0D-9AD5-CFE9BD9EF562}.Debug|Any CPU.ActiveCfg = Debug|Any CPU
		{948A8576-A508-4F0D-9AD5-CFE9BD9EF562}.Debug|Any CPU.Build.0 = Debug|Any CPU
		{948A8576-A508-4F0D-9AD5-CFE9BD9EF562}.Release|Any CPU.ActiveCfg = Release|Any CPU
		{948A8576-A508-4F0D-9AD5-CFE9BD9EF562}.Release|Any CPU.Build.0 = Release|Any CPU
	EndGlobalSection
EndGlobal
